
Microsoft Visual Studio Solution File, Format Version 12.00
# Visual Studio Version 16
VisualStudioVersion = 16.0.30002.166
MinimumVisualStudioVersion = 10.0.40219.1
Project("{8BC9CEB8-8B4A-11D0-8D11-00A0C91BC942}") = "ConsoleApplication1", "ConsoleApplication1\ConsoleApplication1.vcxproj", "{3730BA91-C5F3-4A77-87A5-F13315A6881A}"
EndProject
Global
	GlobalSection(SolutionConfigurationPlatforms) = preSolution
		Debug|x64 = Debug|x64
		Debug|x86 = Debug|x86
		Release|x64 = Release|x64
		Release|x86 = Release|x86
	EndGlobalSection
	GlobalSection(ProjectConfigurationPlatforms) = postSolution
		{3730BA91-C5F3-4A77-87A5-F13315A6881A}.Debug|x64.ActiveCfg = Debug|x64
		{3730BA91-C5F3-4A77-87A5-F13315A6881A}.Debug|x64.Build.0 = Debug|x64
		{3730BA91-C5F3-4A77-87A5-F13315A6881A}.Debug|x86.ActiveCfg = Debug|Win32
		{3730BA91-C5F3-4A77-87A5-F13315A6881A}.Debug|x86.Build.0 = Debug|Win32
		{3730BA91-C5F3-4A77-87A5-F13315A6881A}.Release|x64.ActiveCfg = Release|x64
		{3730BA91-C5F3-4A77-87A5-F13315A6881A}.Release|x64.Build.0 = Release|x64
		{3730BA91-C5F3-4A77-87A5-F13315A6881A}.Release|x86.ActiveCfg = Release|Win32
		{3730BA91-C5F3-4A77-87A5-F13315A6881A}.Release|x86.Build.0 = Release|Win32
	EndGlobalSection
	GlobalSection(SolutionProperties) = preSolution
		HideSolutionNode = FALSE
	EndGlobalSection
	GlobalSection(ExtensibilityGlobals) = postSolution
		SolutionGuid = {74B904EE-0D31-4C7D-8567-BEC85E776932}
	EndGlobalSection
EndGlobal
